// !$*UTF8*$!
{
	archiveVersion = 1;
	classes = {
	};
	objectVersion = 46;
	objects = {

/* Begin PBXBuildFile section */
		4001733A1BC4167500E08A6D /* MMDrawerBarButtonItem.m in Sources */ = {isa = PBXBuildFile; fileRef = 400173321BC4167500E08A6D /* MMDrawerBarButtonItem.m */; };
		4001733B1BC4167500E08A6D /* MMDrawerController.m in Sources */ = {isa = PBXBuildFile; fileRef = 400173341BC4167500E08A6D /* MMDrawerController.m */; };
		4001733C1BC4167500E08A6D /* MMDrawerVisualState.m in Sources */ = {isa = PBXBuildFile; fileRef = 400173371BC4167500E08A6D /* MMDrawerVisualState.m */; };
		4001733D1BC4167500E08A6D /* UIViewController+MMDrawerController.m in Sources */ = {isa = PBXBuildFile; fileRef = 400173391BC4167500E08A6D /* UIViewController+MMDrawerController.m */; };
		400173411BC41CBA00E08A6D /* MenuViewController.swift in Sources */ = {isa = PBXBuildFile; fileRef = 400173401BC41CBA00E08A6D /* MenuViewController.swift */; };
		400173441BC4268100E08A6D /* CeldaMenuTableViewCell.swift in Sources */ = {isa = PBXBuildFile; fileRef = 400173431BC4268100E08A6D /* CeldaMenuTableViewCell.swift */; };
		40074D961BDA6D1200C92588 /* OrganicaViewController.swift in Sources */ = {isa = PBXBuildFile; fileRef = 40074D951BDA6D1200C92588 /* OrganicaViewController.swift */; };
		403ACECA1BDA717900E12A60 /* DoctrinaViewController.swift in Sources */ = {isa = PBXBuildFile; fileRef = 403ACEC91BDA717900E12A60 /* DoctrinaViewController.swift */; };
		404870E41C1102A40053BE68 /* FormatoPaginaViewController.swift in Sources */ = {isa = PBXBuildFile; fileRef = 404870E31C1102A40053BE68 /* FormatoPaginaViewController.swift */; };
		404870E61C1794F30053BE68 /* HerramientasViewController.swift in Sources */ = {isa = PBXBuildFile; fileRef = 404870E51C1794F30053BE68 /* HerramientasViewController.swift */; };
		404870E81C1797BA0053BE68 /* Noticia.swift in Sources */ = {isa = PBXBuildFile; fileRef = 404870E71C1797BA0053BE68 /* Noticia.swift */; };
		404870EA1C179ABF0053BE68 /* CeldaNoticiasTableViewCell.swift in Sources */ = {isa = PBXBuildFile; fileRef = 404870E91C179ABF0053BE68 /* CeldaNoticiasTableViewCell.swift */; };
		404870EC1C17D1D30053BE68 /* Documento.swift in Sources */ = {isa = PBXBuildFile; fileRef = 404870EB1C17D1D30053BE68 /* Documento.swift */; };
		404870EE1C17D2EE0053BE68 /* MantenedorDoctrinaViewController.swift in Sources */ = {isa = PBXBuildFile; fileRef = 404870ED1C17D2EE0053BE68 /* MantenedorDoctrinaViewController.swift */; };
		404870F01C17D6B00053BE68 /* CeldaDoctrinasTableViewCell.swift in Sources */ = {isa = PBXBuildFile; fileRef = 404870EF1C17D6B00053BE68 /* CeldaDoctrinasTableViewCell.swift */; };
		404DB3371BF3CCEA000574CB /* RespuestasTableViewCell.swift in Sources */ = {isa = PBXBuildFile; fileRef = 404DB3361BF3CCEA000574CB /* RespuestasTableViewCell.swift */; };
		408BA7881BC46BCC009B0E96 /* MisEncuestasViewController.swift in Sources */ = {isa = PBXBuildFile; fileRef = 408BA7871BC46BCC009B0E96 /* MisEncuestasViewController.swift */; };
		409590291BE5F3F600695A38 /* CeldaMisEncuestasTableViewCell.swift in Sources */ = {isa = PBXBuildFile; fileRef = 409590281BE5F3F600695A38 /* CeldaMisEncuestasTableViewCell.swift */; };
		4095902B1BE6102600695A38 /* FormatoEncuestaViewController.swift in Sources */ = {isa = PBXBuildFile; fileRef = 4095902A1BE6102600695A38 /* FormatoEncuestaViewController.swift */; };
		40ABB6661BBDF0CC0060063F /* AppDelegate.swift in Sources */ = {isa = PBXBuildFile; fileRef = 40ABB65F1BBDF0CC0060063F /* AppDelegate.swift */; };
		40ABB6671BBDF0CC0060063F /* Assets.xcassets in Resources */ = {isa = PBXBuildFile; fileRef = 40ABB6601BBDF0CC0060063F /* Assets.xcassets */; };
		40ABB66A1BBDF0CC0060063F /* InicioViewController.swift in Sources */ = {isa = PBXBuildFile; fileRef = 40ABB6631BBDF0CC0060063F /* InicioViewController.swift */; };
		40ABB66B1BBDF0CC0060063F /* LoginViewController.swift in Sources */ = {isa = PBXBuildFile; fileRef = 40ABB6641BBDF0CC0060063F /* LoginViewController.swift */; };
		40ABB6701BBDF12C0060063F /* LaunchScreen.storyboard in Resources */ = {isa = PBXBuildFile; fileRef = 40ABB66C1BBDF12C0060063F /* LaunchScreen.storyboard */; };
		40ABB6711BBDF12C0060063F /* Main.storyboard in Resources */ = {isa = PBXBuildFile; fileRef = 40ABB66E1BBDF12C0060063F /* Main.storyboard */; };
		40ABB6751BBDF1420060063F /* Info.plist in Resources */ = {isa = PBXBuildFile; fileRef = 40ABB6731BBDF1420060063F /* Info.plist */; };
		40ABB6791BBDF14A0060063F /* Info.plist in Resources */ = {isa = PBXBuildFile; fileRef = 40ABB6771BBDF14A0060063F /* Info.plist */; };
		40BECDB01BFD49760056724D /* Encuesta.swift in Sources */ = {isa = PBXBuildFile; fileRef = 40BECDAE1BFD49760056724D /* Encuesta.swift */; };
		40BECDB11BFD49760056724D /* Seccion.swift in Sources */ = {isa = PBXBuildFile; fileRef = 40BECDAF1BFD49760056724D /* Seccion.swift */; };
		40BECDB31BFE03490056724D /* Respuestas.swift in Sources */ = {isa = PBXBuildFile; fileRef = 40BECDB21BFE03490056724D /* Respuestas.swift */; };
		40DFAA511BFD480A0072593E /* MantenedorEncuestaViewController.swift in Sources */ = {isa = PBXBuildFile; fileRef = 40DFAA501BFD480A0072593E /* MantenedorEncuestaViewController.swift */; };
		501F81C71C76A51500927892 /* Instructivo.swift in Sources */ = {isa = PBXBuildFile; fileRef = 501F81C61C76A51500927892 /* Instructivo.swift */; };
		505D35521C74128F00C9E0C9 /* MantenedorInstructivoViewController.swift in Sources */ = {isa = PBXBuildFile; fileRef = 505D35511C74128F00C9E0C9 /* MantenedorInstructivoViewController.swift */; };
		50A0E48A1C3225E300B3051B /* MisEvaluadoresViewController.swift in Sources */ = {isa = PBXBuildFile; fileRef = 50A0E4891C3225E300B3051B /* MisEvaluadoresViewController.swift */; };
		50AF11331C38AEFC009638AD /* BuscarEvaluadoresViewController.swift in Sources */ = {isa = PBXBuildFile; fileRef = 50AF11321C38AEFC009638AD /* BuscarEvaluadoresViewController.swift */; };
		50AF11351C38BB35009638AD /* Evaluador.swift in Sources */ = {isa = PBXBuildFile; fileRef = 50AF11341C38BB35009638AD /* Evaluador.swift */; };
		50D720661C722C1A004C83D1 /* FormatoInstructViewController.swift in Sources */ = {isa = PBXBuildFile; fileRef = 50D720651C722C1A004C83D1 /* FormatoInstructViewController.swift */; };
		50FA628F1C42093600112421 /* DetalleNoticiaViewController.swift in Sources */ = {isa = PBXBuildFile; fileRef = 50FA628E1C42093600112421 /* DetalleNoticiaViewController.swift */; };
		6113E87F1BDA6BDF0028E247 /* MisionViewController.swift in Sources */ = {isa = PBXBuildFile; fileRef = 6113E87E1BDA6BDF0028E247 /* MisionViewController.swift */; };
/* End PBXBuildFile section */

/* Begin PBXContainerItemProxy section */
		40ABB6321BBC74970060063F /* PBXContainerItemProxy */ = {
			isa = PBXContainerItemProxy;
			containerPortal = 40ABB6151BBC74970060063F /* Project object */;
			proxyType = 1;
			remoteGlobalIDString = 40ABB61C1BBC74970060063F;
			remoteInfo = "Centro de Liderazgo Ejercito de Chile";
		};
		40ABB63D1BBC74970060063F /* PBXContainerItemProxy */ = {
			isa = PBXContainerItemProxy;
			containerPortal = 40ABB6151BBC74970060063F /* Project object */;
			proxyType = 1;
			remoteGlobalIDString = 40ABB61C1BBC74970060063F;
			remoteInfo = "Centro de Liderazgo Ejercito de Chile";
		};
/* End PBXContainerItemProxy section */

/* Begin PBXFileReference section */
		400173301BC4167500E08A6D /* CLE Chile-Bridging-Header.h */ = {isa = PBXFileReference; lastKnownFileType = sourcecode.c.h; path = "CLE Chile-Bridging-Header.h"; sourceTree = "<group>"; };
		400173311BC4167500E08A6D /* MMDrawerBarButtonItem.h */ = {isa = PBXFileReference; fileEncoding = 4; lastKnownFileType = sourcecode.c.h; path = MMDrawerBarButtonItem.h; sourceTree = SOURCE_ROOT; };
		400173321BC4167500E08A6D /* MMDrawerBarButtonItem.m */ = {isa = PBXFileReference; fileEncoding = 4; lastKnownFileType = sourcecode.c.objc; path = MMDrawerBarButtonItem.m; sourceTree = SOURCE_ROOT; };
		400173331BC4167500E08A6D /* MMDrawerController.h */ = {isa = PBXFileReference; fileEncoding = 4; lastKnownFileType = sourcecode.c.h; path = MMDrawerController.h; sourceTree = SOURCE_ROOT; };
		400173341BC4167500E08A6D /* MMDrawerController.m */ = {isa = PBXFileReference; fileEncoding = 4; lastKnownFileType = sourcecode.c.objc; path = MMDrawerController.m; sourceTree = SOURCE_ROOT; };
		400173351BC4167500E08A6D /* MMDrawerController+Subclass.h */ = {isa = PBXFileReference; fileEncoding = 4; lastKnownFileType = sourcecode.c.h; path = "MMDrawerController+Subclass.h"; sourceTree = SOURCE_ROOT; };
		400173361BC4167500E08A6D /* MMDrawerVisualState.h */ = {isa = PBXFileReference; fileEncoding = 4; lastKnownFileType = sourcecode.c.h; path = MMDrawerVisualState.h; sourceTree = SOURCE_ROOT; };
		400173371BC4167500E08A6D /* MMDrawerVisualState.m */ = {isa = PBXFileReference; fileEncoding = 4; lastKnownFileType = sourcecode.c.objc; path = MMDrawerVisualState.m; sourceTree = SOURCE_ROOT; };
		400173381BC4167500E08A6D /* UIViewController+MMDrawerController.h */ = {isa = PBXFileReference; fileEncoding = 4; lastKnownFileType = sourcecode.c.h; path = "UIViewController+MMDrawerController.h"; sourceTree = SOURCE_ROOT; };
		400173391BC4167500E08A6D /* UIViewController+MMDrawerController.m */ = {isa = PBXFileReference; fileEncoding = 4; lastKnownFileType = sourcecode.c.objc; path = "UIViewController+MMDrawerController.m"; sourceTree = SOURCE_ROOT; };
		400173401BC41CBA00E08A6D /* MenuViewController.swift */ = {isa = PBXFileReference; fileEncoding = 4; lastKnownFileType = sourcecode.swift; name = MenuViewController.swift; path = CLE/MenuViewController.swift; sourceTree = SOURCE_ROOT; };
		400173431BC4268100E08A6D /* CeldaMenuTableViewCell.swift */ = {isa = PBXFileReference; fileEncoding = 4; lastKnownFileType = sourcecode.swift; name = CeldaMenuTableViewCell.swift; path = CLE/CeldaMenuTableViewCell.swift; sourceTree = SOURCE_ROOT; };
		40074D951BDA6D1200C92588 /* OrganicaViewController.swift */ = {isa = PBXFileReference; fileEncoding = 4; lastKnownFileType = sourcecode.swift; name = OrganicaViewController.swift; path = CLE/OrganicaViewController.swift; sourceTree = SOURCE_ROOT; };
		403ACEC91BDA717900E12A60 /* DoctrinaViewController.swift */ = {isa = PBXFileReference; fileEncoding = 4; lastKnownFileType = sourcecode.swift; name = DoctrinaViewController.swift; path = CLE/DoctrinaViewController.swift; sourceTree = SOURCE_ROOT; };
		404870E31C1102A40053BE68 /* FormatoPaginaViewController.swift */ = {isa = PBXFileReference; fileEncoding = 4; lastKnownFileType = sourcecode.swift; name = FormatoPaginaViewController.swift; path = CLE/FormatoPaginaViewController.swift; sourceTree = SOURCE_ROOT; };
		404870E51C1794F30053BE68 /* HerramientasViewController.swift */ = {isa = PBXFileReference; fileEncoding = 4; lastKnownFileType = sourcecode.swift; name = HerramientasViewController.swift; path = CLE/HerramientasViewController.swift; sourceTree = SOURCE_ROOT; };
		404870E71C1797BA0053BE68 /* Noticia.swift */ = {isa = PBXFileReference; fileEncoding = 4; lastKnownFileType = sourcecode.swift; path = Noticia.swift; sourceTree = SOURCE_ROOT; };
		404870E91C179ABF0053BE68 /* CeldaNoticiasTableViewCell.swift */ = {isa = PBXFileReference; fileEncoding = 4; lastKnownFileType = sourcecode.swift; name = CeldaNoticiasTableViewCell.swift; path = CLE/CeldaNoticiasTableViewCell.swift; sourceTree = SOURCE_ROOT; };
		404870EB1C17D1D30053BE68 /* Documento.swift */ = {isa = PBXFileReference; fileEncoding = 4; lastKnownFileType = sourcecode.swift; path = Documento.swift; sourceTree = SOURCE_ROOT; };
		404870ED1C17D2EE0053BE68 /* MantenedorDoctrinaViewController.swift */ = {isa = PBXFileReference; fileEncoding = 4; lastKnownFileType = sourcecode.swift; name = MantenedorDoctrinaViewController.swift; path = CLE/MantenedorDoctrinaViewController.swift; sourceTree = SOURCE_ROOT; };
		404870EF1C17D6B00053BE68 /* CeldaDoctrinasTableViewCell.swift */ = {isa = PBXFileReference; fileEncoding = 4; lastKnownFileType = sourcecode.swift; name = CeldaDoctrinasTableViewCell.swift; path = CLE/CeldaDoctrinasTableViewCell.swift; sourceTree = SOURCE_ROOT; };
		404DB3361BF3CCEA000574CB /* RespuestasTableViewCell.swift */ = {isa = PBXFileReference; fileEncoding = 4; lastKnownFileType = sourcecode.swift; name = RespuestasTableViewCell.swift; path = CLE/RespuestasTableViewCell.swift; sourceTree = SOURCE_ROOT; };
		408BA7871BC46BCC009B0E96 /* MisEncuestasViewController.swift */ = {isa = PBXFileReference; fileEncoding = 4; lastKnownFileType = sourcecode.swift; name = MisEncuestasViewController.swift; path = CLE/MisEncuestasViewController.swift; sourceTree = SOURCE_ROOT; };
		409590281BE5F3F600695A38 /* CeldaMisEncuestasTableViewCell.swift */ = {isa = PBXFileReference; fileEncoding = 4; lastKnownFileType = sourcecode.swift; name = CeldaMisEncuestasTableViewCell.swift; path = CLE/CeldaMisEncuestasTableViewCell.swift; sourceTree = SOURCE_ROOT; };
		4095902A1BE6102600695A38 /* FormatoEncuestaViewController.swift */ = {isa = PBXFileReference; fileEncoding = 4; lastKnownFileType = sourcecode.swift; name = FormatoEncuestaViewController.swift; path = CLE/FormatoEncuestaViewController.swift; sourceTree = SOURCE_ROOT; };
		40ABB61D1BBC74970060063F /* CLE Chile.app */ = {isa = PBXFileReference; explicitFileType = wrapper.application; includeInIndex = 0; path = "CLE Chile.app"; sourceTree = BUILT_PRODUCTS_DIR; };
		40ABB6311BBC74970060063F /* CLE Chile.xctest */ = {isa = PBXFileReference; explicitFileType = wrapper.cfbundle; includeInIndex = 0; path = "CLE Chile.xctest"; sourceTree = BUILT_PRODUCTS_DIR; };
		40ABB63C1BBC74970060063F /* CLE Chile.xctest */ = {isa = PBXFileReference; explicitFileType = wrapper.cfbundle; includeInIndex = 0; path = "CLE Chile.xctest"; sourceTree = BUILT_PRODUCTS_DIR; };
		40ABB65F1BBDF0CC0060063F /* AppDelegate.swift */ = {isa = PBXFileReference; fileEncoding = 4; lastKnownFileType = sourcecode.swift; name = AppDelegate.swift; path = CLE/AppDelegate.swift; sourceTree = SOURCE_ROOT; };
		40ABB6601BBDF0CC0060063F /* Assets.xcassets */ = {isa = PBXFileReference; lastKnownFileType = folder.assetcatalog; name = Assets.xcassets; path = CLE/Assets.xcassets; sourceTree = SOURCE_ROOT; };
		40ABB6621BBDF0CC0060063F /* Info.plist */ = {isa = PBXFileReference; fileEncoding = 4; lastKnownFileType = text.plist.xml; name = Info.plist; path = CLE/Info.plist; sourceTree = SOURCE_ROOT; };
		40ABB6631BBDF0CC0060063F /* InicioViewController.swift */ = {isa = PBXFileReference; fileEncoding = 4; lastKnownFileType = sourcecode.swift; name = InicioViewController.swift; path = CLE/InicioViewController.swift; sourceTree = SOURCE_ROOT; };
		40ABB6641BBDF0CC0060063F /* LoginViewController.swift */ = {isa = PBXFileReference; fileEncoding = 4; lastKnownFileType = sourcecode.swift; name = LoginViewController.swift; path = CLE/LoginViewController.swift; sourceTree = SOURCE_ROOT; };
		40ABB66D1BBDF12C0060063F /* Base */ = {isa = PBXFileReference; lastKnownFileType = file.storyboard; name = Base; path = CLE/Base.lproj/LaunchScreen.storyboard; sourceTree = SOURCE_ROOT; };
		40ABB66F1BBDF12C0060063F /* Base */ = {isa = PBXFileReference; lastKnownFileType = file.storyboard; name = Base; path = CLE/Base.lproj/Main.storyboard; sourceTree = SOURCE_ROOT; };
		40ABB6731BBDF1420060063F /* Info.plist */ = {isa = PBXFileReference; fileEncoding = 4; lastKnownFileType = text.plist.xml; name = Info.plist; path = CLETests/Info.plist; sourceTree = SOURCE_ROOT; };
		40ABB6771BBDF14A0060063F /* Info.plist */ = {isa = PBXFileReference; fileEncoding = 4; lastKnownFileType = text.plist.xml; name = Info.plist; path = CLEUITests/Info.plist; sourceTree = SOURCE_ROOT; };
		40BECDAE1BFD49760056724D /* Encuesta.swift */ = {isa = PBXFileReference; fileEncoding = 4; lastKnownFileType = sourcecode.swift; path = Encuesta.swift; sourceTree = SOURCE_ROOT; };
		40BECDAF1BFD49760056724D /* Seccion.swift */ = {isa = PBXFileReference; fileEncoding = 4; lastKnownFileType = sourcecode.swift; path = Seccion.swift; sourceTree = SOURCE_ROOT; };
		40BECDB21BFE03490056724D /* Respuestas.swift */ = {isa = PBXFileReference; fileEncoding = 4; lastKnownFileType = sourcecode.swift; path = Respuestas.swift; sourceTree = SOURCE_ROOT; };
		40DFAA501BFD480A0072593E /* MantenedorEncuestaViewController.swift */ = {isa = PBXFileReference; fileEncoding = 4; lastKnownFileType = sourcecode.swift; name = MantenedorEncuestaViewController.swift; path = CLE/MantenedorEncuestaViewController.swift; sourceTree = SOURCE_ROOT; };
		501F81C61C76A51500927892 /* Instructivo.swift */ = {isa = PBXFileReference; fileEncoding = 4; lastKnownFileType = sourcecode.swift; name = Instructivo.swift; path = CLE/Instructivo.swift; sourceTree = SOURCE_ROOT; };
		505D35511C74128F00C9E0C9 /* MantenedorInstructivoViewController.swift */ = {isa = PBXFileReference; fileEncoding = 4; lastKnownFileType = sourcecode.swift; name = MantenedorInstructivoViewController.swift; path = CLE/MantenedorInstructivoViewController.swift; sourceTree = SOURCE_ROOT; };
		50A0E4891C3225E300B3051B /* MisEvaluadoresViewController.swift */ = {isa = PBXFileReference; fileEncoding = 4; lastKnownFileType = sourcecode.swift; name = MisEvaluadoresViewController.swift; path = CLE/MisEvaluadoresViewController.swift; sourceTree = SOURCE_ROOT; };
		50AF11321C38AEFC009638AD /* BuscarEvaluadoresViewController.swift */ = {isa = PBXFileReference; fileEncoding = 4; lastKnownFileType = sourcecode.swift; name = BuscarEvaluadoresViewController.swift; path = CLE/BuscarEvaluadoresViewController.swift; sourceTree = SOURCE_ROOT; };
		50AF11341C38BB35009638AD /* Evaluador.swift */ = {isa = PBXFileReference; fileEncoding = 4; lastKnownFileType = sourcecode.swift; name = Evaluador.swift; path = CLE/Evaluador.swift; sourceTree = SOURCE_ROOT; };
		50D720651C722C1A004C83D1 /* FormatoInstructViewController.swift */ = {isa = PBXFileReference; fileEncoding = 4; lastKnownFileType = sourcecode.swift; name = FormatoInstructViewController.swift; path = CLE/FormatoInstructViewController.swift; sourceTree = SOURCE_ROOT; };
		50FA628E1C42093600112421 /* DetalleNoticiaViewController.swift */ = {isa = PBXFileReference; fileEncoding = 4; lastKnownFileType = sourcecode.swift; name = DetalleNoticiaViewController.swift; path = CLE/DetalleNoticiaViewController.swift; sourceTree = SOURCE_ROOT; };
		6113E87E1BDA6BDF0028E247 /* MisionViewController.swift */ = {isa = PBXFileReference; fileEncoding = 4; lastKnownFileType = sourcecode.swift; name = MisionViewController.swift; path = CLE/MisionViewController.swift; sourceTree = SOURCE_ROOT; };
/* End PBXFileReference section */

/* Begin PBXFrameworksBuildPhase section */
		40ABB61A1BBC74970060063F /* Frameworks */ = {
			isa = PBXFrameworksBuildPhase;
			buildActionMask = 2147483647;
			files = (
			);
			runOnlyForDeploymentPostprocessing = 0;
		};
		40ABB62E1BBC74970060063F /* Frameworks */ = {
			isa = PBXFrameworksBuildPhase;
			buildActionMask = 2147483647;
			files = (
			);
			runOnlyForDeploymentPostprocessing = 0;
		};
		40ABB6391BBC74970060063F /* Frameworks */ = {
			isa = PBXFrameworksBuildPhase;
			buildActionMask = 2147483647;
			files = (
			);
			runOnlyForDeploymentPostprocessing = 0;
		};
/* End PBXFrameworksBuildPhase section */

/* Begin PBXGroup section */
		4001732F1BC4163A00E08A6D /* DrawerFramework */ = {
			isa = PBXGroup;
			children = (
				400173311BC4167500E08A6D /* MMDrawerBarButtonItem.h */,
				400173321BC4167500E08A6D /* MMDrawerBarButtonItem.m */,
				400173331BC4167500E08A6D /* MMDrawerController.h */,
				400173341BC4167500E08A6D /* MMDrawerController.m */,
				400173351BC4167500E08A6D /* MMDrawerController+Subclass.h */,
				400173361BC4167500E08A6D /* MMDrawerVisualState.h */,
				400173371BC4167500E08A6D /* MMDrawerVisualState.m */,
				400173381BC4167500E08A6D /* UIViewController+MMDrawerController.h */,
				400173391BC4167500E08A6D /* UIViewController+MMDrawerController.m */,
				400173301BC4167500E08A6D /* CLE Chile-Bridging-Header.h */,
			);
			name = DrawerFramework;
			sourceTree = "<group>";
		};
		400173421BC4249D00E08A6D /* ViewControllers */ = {
			isa = PBXGroup;
			children = (
				40ABB6631BBDF0CC0060063F /* InicioViewController.swift */,
				50FA628E1C42093600112421 /* DetalleNoticiaViewController.swift */,
				400173401BC41CBA00E08A6D /* MenuViewController.swift */,
				40ABB6641BBDF0CC0060063F /* LoginViewController.swift */,
				408BA7871BC46BCC009B0E96 /* MisEncuestasViewController.swift */,
				50A0E4891C3225E300B3051B /* MisEvaluadoresViewController.swift */,
				50AF11321C38AEFC009638AD /* BuscarEvaluadoresViewController.swift */,
				6113E87E1BDA6BDF0028E247 /* MisionViewController.swift */,
				40074D951BDA6D1200C92588 /* OrganicaViewController.swift */,
				403ACEC91BDA717900E12A60 /* DoctrinaViewController.swift */,
				404870E51C1794F30053BE68 /* HerramientasViewController.swift */,
				40DFAA501BFD480A0072593E /* MantenedorEncuestaViewController.swift */,
				505D35511C74128F00C9E0C9 /* MantenedorInstructivoViewController.swift */,
				404870ED1C17D2EE0053BE68 /* MantenedorDoctrinaViewController.swift */,
			);
			name = ViewControllers;
			sourceTree = "<group>";
		};
		40074D971BDA6D4000C92588 /* Models */ = {
			isa = PBXGroup;
			children = (
				40BECDAE1BFD49760056724D /* Encuesta.swift */,
				501F81C61C76A51500927892 /* Instructivo.swift */,
				404870E71C1797BA0053BE68 /* Noticia.swift */,
				40BECDAF1BFD49760056724D /* Seccion.swift */,
				400173431BC4268100E08A6D /* CeldaMenuTableViewCell.swift */,
				409590281BE5F3F600695A38 /* CeldaMisEncuestasTableViewCell.swift */,
				404DB3361BF3CCEA000574CB /* RespuestasTableViewCell.swift */,
				40BECDB21BFE03490056724D /* Respuestas.swift */,
				4095902A1BE6102600695A38 /* FormatoEncuestaViewController.swift */,
				404870E31C1102A40053BE68 /* FormatoPaginaViewController.swift */,
				404870E91C179ABF0053BE68 /* CeldaNoticiasTableViewCell.swift */,
				404870EB1C17D1D30053BE68 /* Documento.swift */,
				404870EF1C17D6B00053BE68 /* CeldaDoctrinasTableViewCell.swift */,
				50AF11341C38BB35009638AD /* Evaluador.swift */,
				50D720651C722C1A004C83D1 /* FormatoInstructViewController.swift */,
			);
			name = Models;
			sourceTree = "<group>";
		};
		40ABB6141BBC74970060063F = {
			isa = PBXGroup;
			children = (
				40ABB61F1BBC74970060063F /* CLE */,
				40ABB6341BBC74970060063F /* CLE Tests */,
				40ABB63F1BBC74970060063F /* CLE UITests */,
				40ABB61E1BBC74970060063F /* Products */,
			);
			sourceTree = "<group>";
		};
		40ABB61E1BBC74970060063F /* Products */ = {
			isa = PBXGroup;
			children = (
				40ABB61D1BBC74970060063F /* CLE Chile.app */,
				40ABB6311BBC74970060063F /* CLE Chile.xctest */,
				40ABB63C1BBC74970060063F /* CLE Chile.xctest */,
			);
			name = Products;
			sourceTree = "<group>";
		};
		40ABB61F1BBC74970060063F /* CLE */ = {
			isa = PBXGroup;
			children = (
				40074D971BDA6D4000C92588 /* Models */,
				400173421BC4249D00E08A6D /* ViewControllers */,
				4001732F1BC4163A00E08A6D /* DrawerFramework */,
				40ABB65F1BBDF0CC0060063F /* AppDelegate.swift */,
				40ABB6601BBDF0CC0060063F /* Assets.xcassets */,
				40ABB66E1BBDF12C0060063F /* Main.storyboard */,
				40ABB66C1BBDF12C0060063F /* LaunchScreen.storyboard */,
				40ABB6621BBDF0CC0060063F /* Info.plist */,
			);
			name = CLE;
			path = "Centro de Liderazgo Ejercito de Chile";
			sourceTree = "<group>";
		};
		40ABB6341BBC74970060063F /* CLE Tests */ = {
			isa = PBXGroup;
			children = (
				40ABB6731BBDF1420060063F /* Info.plist */,
			);
			name = "CLE Tests";
			path = "Centro de Liderazgo Ejercito de ChileTests";
			sourceTree = "<group>";
		};
		40ABB63F1BBC74970060063F /* CLE UITests */ = {
			isa = PBXGroup;
			children = (
				40ABB6771BBDF14A0060063F /* Info.plist */,
			);
			name = "CLE UITests";
			path = "Centro de Liderazgo Ejercito de ChileUITests";
			sourceTree = "<group>";
		};
/* End PBXGroup section */

/* Begin PBXNativeTarget section */
		40ABB61C1BBC74970060063F /* CLE Chile */ = {
			isa = PBXNativeTarget;
			buildConfigurationList = 40ABB6451BBC74970060063F /* Build configuration list for PBXNativeTarget "CLE Chile" */;
			buildPhases = (
				40ABB6191BBC74970060063F /* Sources */,
				40ABB61A1BBC74970060063F /* Frameworks */,
				40ABB61B1BBC74970060063F /* Resources */,
			);
			buildRules = (
			);
			dependencies = (
			);
			name = "CLE Chile";
			productName = "Centro de Liderazgo Ejercito de Chile";
			productReference = 40ABB61D1BBC74970060063F /* CLE Chile.app */;
			productType = "com.apple.product-type.application";
		};
		40ABB6301BBC74970060063F /* CLE ChileTests */ = {
			isa = PBXNativeTarget;
			buildConfigurationList = 40ABB6481BBC74970060063F /* Build configuration list for PBXNativeTarget "CLE ChileTests" */;
			buildPhases = (
				40ABB62D1BBC74970060063F /* Sources */,
				40ABB62E1BBC74970060063F /* Frameworks */,
				40ABB62F1BBC74970060063F /* Resources */,
			);
			buildRules = (
			);
			dependencies = (
				40ABB6331BBC74970060063F /* PBXTargetDependency */,
			);
			name = "CLE ChileTests";
			productName = "Centro de Liderazgo Ejercito de ChileTests";
			productReference = 40ABB6311BBC74970060063F /* CLE Chile.xctest */;
			productType = "com.apple.product-type.bundle.unit-test";
		};
		40ABB63B1BBC74970060063F /* CLE ChileUITests */ = {
			isa = PBXNativeTarget;
			buildConfigurationList = 40ABB64B1BBC74970060063F /* Build configuration list for PBXNativeTarget "CLE ChileUITests" */;
			buildPhases = (
				40ABB6381BBC74970060063F /* Sources */,
				40ABB6391BBC74970060063F /* Frameworks */,
				40ABB63A1BBC74970060063F /* Resources */,
			);
			buildRules = (
			);
			dependencies = (
				40ABB63E1BBC74970060063F /* PBXTargetDependency */,
			);
			name = "CLE ChileUITests";
			productName = "Centro de Liderazgo Ejercito de ChileUITests";
			productReference = 40ABB63C1BBC74970060063F /* CLE Chile.xctest */;
			productType = "com.apple.product-type.bundle.ui-testing";
		};
/* End PBXNativeTarget section */

/* Begin PBXProject section */
		40ABB6151BBC74970060063F /* Project object */ = {
			isa = PBXProject;
			attributes = {
				LastSwiftUpdateCheck = 0700;
				LastUpgradeCheck = 0710;
				ORGANIZATIONNAME = "Cristian Martinez Toledo";
				TargetAttributes = {
					40ABB61C1BBC74970060063F = {
						CreatedOnToolsVersion = 7.0;
						DevelopmentTeam = 37F5PB3WE6;
					};
					40ABB6301BBC74970060063F = {
						CreatedOnToolsVersion = 7.0;
						TestTargetID = 40ABB61C1BBC74970060063F;
					};
					40ABB63B1BBC74970060063F = {
						CreatedOnToolsVersion = 7.0;
						TestTargetID = 40ABB61C1BBC74970060063F;
					};
				};
			};
			buildConfigurationList = 40ABB6181BBC74970060063F /* Build configuration list for PBXProject "CLE Chile" */;
			compatibilityVersion = "Xcode 3.2";
			developmentRegion = English;
			hasScannedForEncodings = 0;
			knownRegions = (
				en,
				Base,
			);
			mainGroup = 40ABB6141BBC74970060063F;
			productRefGroup = 40ABB61E1BBC74970060063F /* Products */;
			projectDirPath = "";
			projectRoot = "";
			targets = (
				40ABB61C1BBC74970060063F /* CLE Chile */,
				40ABB6301BBC74970060063F /* CLE ChileTests */,
				40ABB63B1BBC74970060063F /* CLE ChileUITests */,
			);
		};
/* End PBXProject section */

/* Begin PBXResourcesBuildPhase section */
		40ABB61B1BBC74970060063F /* Resources */ = {
			isa = PBXResourcesBuildPhase;
			buildActionMask = 2147483647;
			files = (
				40ABB6701BBDF12C0060063F /* LaunchScreen.storyboard in Resources */,
				40ABB6791BBDF14A0060063F /* Info.plist in Resources */,
				40ABB6671BBDF0CC0060063F /* Assets.xcassets in Resources */,
				40ABB6751BBDF1420060063F /* Info.plist in Resources */,
				40ABB6711BBDF12C0060063F /* Main.storyboard in Resources */,
			);
			runOnlyForDeploymentPostprocessing = 0;
		};
		40ABB62F1BBC74970060063F /* Resources */ = {
			isa = PBXResourcesBuildPhase;
			buildActionMask = 2147483647;
			files = (
			);
			runOnlyForDeploymentPostprocessing = 0;
		};
		40ABB63A1BBC74970060063F /* Resources */ = {
			isa = PBXResourcesBuildPhase;
			buildActionMask = 2147483647;
			files = (
			);
			runOnlyForDeploymentPostprocessing = 0;
		};
/* End PBXResourcesBuildPhase section */

/* Begin PBXSourcesBuildPhase section */
		40ABB6191BBC74970060063F /* Sources */ = {
			isa = PBXSourcesBuildPhase;
			buildActionMask = 2147483647;
			files = (
				50AF11331C38AEFC009638AD /* BuscarEvaluadoresViewController.swift in Sources */,
				409590291BE5F3F600695A38 /* CeldaMisEncuestasTableViewCell.swift in Sources */,
				6113E87F1BDA6BDF0028E247 /* MisionViewController.swift in Sources */,
				4001733C1BC4167500E08A6D /* MMDrawerVisualState.m in Sources */,
				40DFAA511BFD480A0072593E /* MantenedorEncuestaViewController.swift in Sources */,
				40074D961BDA6D1200C92588 /* OrganicaViewController.swift in Sources */,
				501F81C71C76A51500927892 /* Instructivo.swift in Sources */,
				400173441BC4268100E08A6D /* CeldaMenuTableViewCell.swift in Sources */,
				505D35521C74128F00C9E0C9 /* MantenedorInstructivoViewController.swift in Sources */,
				40ABB66B1BBDF0CC0060063F /* LoginViewController.swift in Sources */,
				404870E81C1797BA0053BE68 /* Noticia.swift in Sources */,
				50AF11351C38BB35009638AD /* Evaluador.swift in Sources */,
				40BECDB31BFE03490056724D /* Respuestas.swift in Sources */,
				4001733D1BC4167500E08A6D /* UIViewController+MMDrawerController.m in Sources */,
				404870E41C1102A40053BE68 /* FormatoPaginaViewController.swift in Sources */,
				404870EC1C17D1D30053BE68 /* Documento.swift in Sources */,
				404DB3371BF3CCEA000574CB /* RespuestasTableViewCell.swift in Sources */,
				50A0E48A1C3225E300B3051B /* MisEvaluadoresViewController.swift in Sources */,
				408BA7881BC46BCC009B0E96 /* MisEncuestasViewController.swift in Sources */,
				4001733B1BC4167500E08A6D /* MMDrawerController.m in Sources */,
				404870E61C1794F30053BE68 /* HerramientasViewController.swift in Sources */,
				40BECDB11BFD49760056724D /* Seccion.swift in Sources */,
				4001733A1BC4167500E08A6D /* MMDrawerBarButtonItem.m in Sources */,
				50FA628F1C42093600112421 /* DetalleNoticiaViewController.swift in Sources */,
				40ABB6661BBDF0CC0060063F /* AppDelegate.swift in Sources */,
				40ABB66A1BBDF0CC0060063F /* InicioViewController.swift in Sources */,
				404870EE1C17D2EE0053BE68 /* MantenedorDoctrinaViewController.swift in Sources */,
				50D720661C722C1A004C83D1 /* FormatoInstructViewController.swift in Sources */,
				403ACECA1BDA717900E12A60 /* DoctrinaViewController.swift in Sources */,
				404870EA1C179ABF0053BE68 /* CeldaNoticiasTableViewCell.swift in Sources */,
				4095902B1BE6102600695A38 /* FormatoEncuestaViewController.swift in Sources */,
				404870F01C17D6B00053BE68 /* CeldaDoctrinasTableViewCell.swift in Sources */,
				40BECDB01BFD49760056724D /* Encuesta.swift in Sources */,
				400173411BC41CBA00E08A6D /* MenuViewController.swift in Sources */,
			);
			runOnlyForDeploymentPostprocessing = 0;
		};
		40ABB62D1BBC74970060063F /* Sources */ = {
			isa = PBXSourcesBuildPhase;
			buildActionMask = 2147483647;
			files = (
			);
			runOnlyForDeploymentPostprocessing = 0;
		};
		40ABB6381BBC74970060063F /* Sources */ = {
			isa = PBXSourcesBuildPhase;
			buildActionMask = 2147483647;
			files = (
			);
			runOnlyForDeploymentPostprocessing = 0;
		};
/* End PBXSourcesBuildPhase section */

/* Begin PBXTargetDependency section */
		40ABB6331BBC74970060063F /* PBXTargetDependency */ = {
			isa = PBXTargetDependency;
			target = 40ABB61C1BBC74970060063F /* CLE Chile */;
			targetProxy = 40ABB6321BBC74970060063F /* PBXContainerItemProxy */;
		};
		40ABB63E1BBC74970060063F /* PBXTargetDependency */ = {
			isa = PBXTargetDependency;
			target = 40ABB61C1BBC74970060063F /* CLE Chile */;
			targetProxy = 40ABB63D1BBC74970060063F /* PBXContainerItemProxy */;
		};
/* End PBXTargetDependency section */

/* Begin PBXVariantGroup section */
		40ABB66C1BBDF12C0060063F /* LaunchScreen.storyboard */ = {
			isa = PBXVariantGroup;
			children = (
				40ABB66D1BBDF12C0060063F /* Base */,
			);
			name = LaunchScreen.storyboard;
			sourceTree = "<group>";
		};
		40ABB66E1BBDF12C0060063F /* Main.storyboard */ = {
			isa = PBXVariantGroup;
			children = (
				40ABB66F1BBDF12C0060063F /* Base */,
			);
			name = Main.storyboard;
			sourceTree = "<group>";
		};
/* End PBXVariantGroup section */

/* Begin XCBuildConfiguration section */
		40ABB6431BBC74970060063F /* Debug */ = {
			isa = XCBuildConfiguration;
			buildSettings = {
				ALWAYS_SEARCH_USER_PATHS = NO;
				CLANG_CXX_LANGUAGE_STANDARD = "gnu++0x";
				CLANG_CXX_LIBRARY = "libc++";
				CLANG_ENABLE_MODULES = YES;
				CLANG_ENABLE_OBJC_ARC = YES;
				CLANG_WARN_BOOL_CONVERSION = YES;
				CLANG_WARN_CONSTANT_CONVERSION = YES;
				CLANG_WARN_DIRECT_OBJC_ISA_USAGE = YES_ERROR;
				CLANG_WARN_EMPTY_BODY = YES;
				CLANG_WARN_ENUM_CONVERSION = YES;
				CLANG_WARN_INT_CONVERSION = YES;
				CLANG_WARN_OBJC_ROOT_CLASS = YES_ERROR;
				CLANG_WARN_UNREACHABLE_CODE = YES;
				CLANG_WARN__DUPLICATE_METHOD_MATCH = YES;
				"CODE_SIGN_IDENTITY[sdk=iphoneos*]" = "iPhone Developer";
				COPY_PHASE_STRIP = NO;
				DEBUG_INFORMATION_FORMAT = dwarf;
				ENABLE_STRICT_OBJC_MSGSEND = YES;
				ENABLE_TESTABILITY = YES;
				GCC_C_LANGUAGE_STANDARD = gnu99;
				GCC_DYNAMIC_NO_PIC = NO;
				GCC_NO_COMMON_BLOCKS = YES;
				GCC_OPTIMIZATION_LEVEL = 0;
				GCC_PREPROCESSOR_DEFINITIONS = (
					"DEBUG=1",
					"$(inherited)",
				);
				GCC_WARN_64_TO_32_BIT_CONVERSION = YES;
				GCC_WARN_ABOUT_RETURN_TYPE = YES_ERROR;
				GCC_WARN_UNDECLARED_SELECTOR = YES;
				GCC_WARN_UNINITIALIZED_AUTOS = YES_AGGRESSIVE;
				GCC_WARN_UNUSED_FUNCTION = YES;
				GCC_WARN_UNUSED_VARIABLE = YES;
				IPHONEOS_DEPLOYMENT_TARGET = 9.0;
				MTL_ENABLE_DEBUG_INFO = YES;
				ONLY_ACTIVE_ARCH = YES;
				SDKROOT = iphoneos;
				SWIFT_OPTIMIZATION_LEVEL = "-Onone";
			};
			name = Debug;
		};
		40ABB6441BBC74970060063F /* Release */ = {
			isa = XCBuildConfiguration;
			buildSettings = {
				ALWAYS_SEARCH_USER_PATHS = NO;
				CLANG_CXX_LANGUAGE_STANDARD = "gnu++0x";
				CLANG_CXX_LIBRARY = "libc++";
				CLANG_ENABLE_MODULES = YES;
				CLANG_ENABLE_OBJC_ARC = YES;
				CLANG_WARN_BOOL_CONVERSION = YES;
				CLANG_WARN_CONSTANT_CONVERSION = YES;
				CLANG_WARN_DIRECT_OBJC_ISA_USAGE = YES_ERROR;
				CLANG_WARN_EMPTY_BODY = YES;
				CLANG_WARN_ENUM_CONVERSION = YES;
				CLANG_WARN_INT_CONVERSION = YES;
				CLANG_WARN_OBJC_ROOT_CLASS = YES_ERROR;
				CLANG_WARN_UNREACHABLE_CODE = YES;
				CLANG_WARN__DUPLICATE_METHOD_MATCH = YES;
				"CODE_SIGN_IDENTITY[sdk=iphoneos*]" = "iPhone Developer";
				COPY_PHASE_STRIP = NO;
				DEBUG_INFORMATION_FORMAT = "dwarf-with-dsym";
				ENABLE_NS_ASSERTIONS = NO;
				ENABLE_STRICT_OBJC_MSGSEND = YES;
				GCC_C_LANGUAGE_STANDARD = gnu99;
				GCC_NO_COMMON_BLOCKS = YES;
				GCC_WARN_64_TO_32_BIT_CONVERSION = YES;
				GCC_WARN_ABOUT_RETURN_TYPE = YES_ERROR;
				GCC_WARN_UNDECLARED_SELECTOR = YES;
				GCC_WARN_UNINITIALIZED_AUTOS = YES_AGGRESSIVE;
				GCC_WARN_UNUSED_FUNCTION = YES;
				GCC_WARN_UNUSED_VARIABLE = YES;
				IPHONEOS_DEPLOYMENT_TARGET = 9.0;
				MTL_ENABLE_DEBUG_INFO = NO;
				SDKROOT = iphoneos;
				VALIDATE_PRODUCT = YES;
			};
			name = Release;
		};
		40ABB6461BBC74970060063F /* Debug */ = {
			isa = XCBuildConfiguration;
			buildSettings = {
				ASSETCATALOG_COMPILER_APPICON_NAME = AppIcon;
				CLANG_ENABLE_MODULES = YES;
				CODE_SIGN_IDENTITY = "iPhone Developer";
				"CODE_SIGN_IDENTITY[sdk=iphoneos*]" = "iPhone Developer";
				INFOPLIST_FILE = "$(SRCROOT)/CLE/Info.plist";
				IPHONEOS_DEPLOYMENT_TARGET = 8.2;
				LD_RUNPATH_SEARCH_PATHS = "$(inherited) @executable_path/Frameworks";
				PRODUCT_BUNDLE_IDENTIFIER = "cl.cmt.Centro-de-Liderazgo-Ejercito-de-Chile";
				PRODUCT_NAME = "CLE Chile";
				PROVISIONING_PROFILE = "";
				SWIFT_OBJC_BRIDGING_HEADER = "CLE Chile-Bridging-Header.h";
				SWIFT_OPTIMIZATION_LEVEL = "-Onone";
				TARGETED_DEVICE_FAMILY = "1,2";
			};
			name = Debug;
		};
		40ABB6471BBC74970060063F /* Release */ = {
			isa = XCBuildConfiguration;
			buildSettings = {
				ASSETCATALOG_COMPILER_APPICON_NAME = AppIcon;
				CLANG_ENABLE_MODULES = YES;
				CODE_SIGN_IDENTITY = "iPhone Developer";
				"CODE_SIGN_IDENTITY[sdk=iphoneos*]" = "iPhone Developer";
				INFOPLIST_FILE = "$(SRCROOT)/CLE/Info.plist";
				IPHONEOS_DEPLOYMENT_TARGET = 8.2;
				LD_RUNPATH_SEARCH_PATHS = "$(inherited) @executable_path/Frameworks";
				PRODUCT_BUNDLE_IDENTIFIER = "cl.cmt.Centro-de-Liderazgo-Ejercito-de-Chile";
				PRODUCT_NAME = "CLE Chile";
				PROVISIONING_PROFILE = "";
				SWIFT_OBJC_BRIDGING_HEADER = "CLE Chile-Bridging-Header.h";
				TARGETED_DEVICE_FAMILY = "1,2";
			};
			name = Release;
		};
		40ABB6491BBC74970060063F /* Debug */ = {
			isa = XCBuildConfiguration;
			buildSettings = {
				BUNDLE_LOADER = "$(TEST_HOST)";
				INFOPLIST_FILE = "Centro de Liderazgo Ejercito de ChileTests/Info.plist";
				LD_RUNPATH_SEARCH_PATHS = "$(inherited) @executable_path/Frameworks @loader_path/Frameworks";
				PRODUCT_BUNDLE_IDENTIFIER = "cl.cmt.Centro-de-Liderazgo-Ejercito-de-ChileTests";
				PRODUCT_NAME = "CLE Chile";
				TEST_HOST = "$(BUILT_PRODUCTS_DIR)/CLE Chile.app/CLE Chile";
			};
			name = Debug;
		};
		40ABB64A1BBC74970060063F /* Release */ = {
			isa = XCBuildConfiguration;
			buildSettings = {
				BUNDLE_LOADER = "$(TEST_HOST)";
				INFOPLIST_FILE = "Centro de Liderazgo Ejercito de ChileTests/Info.plist";
				LD_RUNPATH_SEARCH_PATHS = "$(inherited) @executable_path/Frameworks @loader_path/Frameworks";
				PRODUCT_BUNDLE_IDENTIFIER = "cl.cmt.Centro-de-Liderazgo-Ejercito-de-ChileTests";
				PRODUCT_NAME = "CLE Chile";
				TEST_HOST = "$(BUILT_PRODUCTS_DIR)/CLE Chile.app/CLE Chile";
			};
			name = Release;
		};
		40ABB64C1BBC74970060063F /* Debug */ = {
			isa = XCBuildConfiguration;
			buildSettings = {
				INFOPLIST_FILE = "Centro de Liderazgo Ejercito de ChileUITests/Info.plist";
				LD_RUNPATH_SEARCH_PATHS = "$(inherited) @executable_path/Frameworks @loader_path/Frameworks";
				PRODUCT_BUNDLE_IDENTIFIER = "cl.cmt.Centro-de-Liderazgo-Ejercito-de-ChileUITests";
				PRODUCT_NAME = "CLE Chile";
				TEST_TARGET_NAME = "Centro de Liderazgo Ejercito de Chile";
				USES_XCTRUNNER = YES;
			};
			name = Debug;
		};
		40ABB64D1BBC74970060063F /* Release */ = {
			isa = XCBuildConfiguration;
			buildSettings = {
				INFOPLIST_FILE = "Centro de Liderazgo Ejercito de ChileUITests/Info.plist";
				LD_RUNPATH_SEARCH_PATHS = "$(inherited) @executable_path/Frameworks @loader_path/Frameworks";
				PRODUCT_BUNDLE_IDENTIFIER = "cl.cmt.Centro-de-Liderazgo-Ejercito-de-ChileUITests";
				PRODUCT_NAME = "CLE Chile";
				TEST_TARGET_NAME = "Centro de Liderazgo Ejercito de Chile";
				USES_XCTRUNNER = YES;
			};
			name = Release;
		};
/* End XCBuildConfiguration section */

/* Begin XCConfigurationList section */
		40ABB6181BBC74970060063F /* Build configuration list for PBXProject "CLE Chile" */ = {
			isa = XCConfigurationList;
			buildConfigurations = (
				40ABB6431BBC74970060063F /* Debug */,
				40ABB6441BBC74970060063F /* Release */,
			);
			defaultConfigurationIsVisible = 0;
			defaultConfigurationName = Release;
		};
		40ABB6451BBC74970060063F /* Build configuration list for PBXNativeTarget "CLE Chile" */ = {
			isa = XCConfigurationList;
			buildConfigurations = (
				40ABB6461BBC74970060063F /* Debug */,
				40ABB6471BBC74970060063F /* Release */,
			);
			defaultConfigurationIsVisible = 0;
			defaultConfigurationName = Release;
		};
		40ABB6481BBC74970060063F /* Build configuration list for PBXNativeTarget "CLE ChileTests" */ = {
			isa = XCConfigurationList;
			buildConfigurations = (
				40ABB6491BBC74970060063F /* Debug */,
				40ABB64A1BBC74970060063F /* Release */,
			);
			defaultConfigurationIsVisible = 0;
			defaultConfigurationName = Release;
		};
		40ABB64B1BBC74970060063F /* Build configuration list for PBXNativeTarget "CLE ChileUITests" */ = {
			isa = XCConfigurationList;
			buildConfigurations = (
				40ABB64C1BBC74970060063F /* Debug */,
				40ABB64D1BBC74970060063F /* Release */,
			);
			defaultConfigurationIsVisible = 0;
			defaultConfigurationName = Release;
		};
/* End XCConfigurationList section */
	};
	rootObject = 40ABB6151BBC74970060063F /* Project object */;
}
